
Microsoft Visual Studio Solution File, Format Version 12.00
# Visual Studio Version 17
VisualStudioVersion = 17.13.35919.96
MinimumVisualStudioVersion = 10.0.40219.1
Project("{9A19103F-16F7-4668-BE54-9A1E7A4F7556}") = "DayEaseUserApp", "DayEaseUserApp\DayEaseUserApp.csproj", "{4336988E-970C-477C-9EBB-438167CB3BC8}"
EndProject
Project("{9A19103F-16F7-4668-BE54-9A1E7A4F7556}") = "DayEaseServices", "DayEaseServices\DayEaseServices.csproj", "{1D0DAB53-98BD-410F-B0CC-93603F493FD5}"
EndProject
Project("{9A19103F-16F7-4668-BE54-9A1E7A4F7556}") = "Domain", "Domain\Domain.csproj", "{81914702-48F3-46B9-AD4A-DDBCE3DBAD7A}"
EndProject
Global
	GlobalSection(SolutionConfigurationPlatforms) = preSolution
		Debug|Any CPU = Debug|Any CPU
		Release|Any CPU = Release|Any CPU
	EndGlobalSection
	GlobalSection(ProjectConfigurationPlatforms) = postSolution
		{4336988E-970C-477C-9EBB-438167CB3BC8}.Debug|Any CPU.ActiveCfg = Debug|Any CPU
		{4336988E-970C-477C-9EBB-438167CB3BC8}.Debug|Any CPU.Build.0 = Debug|Any CPU
		{4336988E-970C-477C-9EBB-438167CB3BC8}.Release|Any CPU.ActiveCfg = Release|Any CPU
		{4336988E-970C-477C-9EBB-438167CB3BC8}.Release|Any CPU.Build.0 = Release|Any CPU
		{1D0DAB53-98BD-410F-B0CC-93603F493FD5}.Debug|Any CPU.ActiveCfg = Debug|Any CPU
		{1D0DAB53-98BD-410F-B0CC-93603F493FD5}.Debug|Any CPU.Build.0 = Debug|Any CPU
		{1D0DAB53-98BD-410F-B0CC-93603F493FD5}.Release|Any CPU.ActiveCfg = Release|Any CPU
		{1D0DAB53-98BD-410F-B0CC-93603F493FD5}.Release|Any CPU.Build.0 = Release|Any CPU
		{81914702-48F3-46B9-AD4A-DDBCE3DBAD7A}.Debug|Any CPU.ActiveCfg = Debug|Any CPU
		{81914702-48F3-46B9-AD4A-DDBCE3DBAD7A}.Debug|Any CPU.Build.0 = Debug|Any CPU
		{81914702-48F3-46B9-AD4A-DDBCE3DBAD7A}.Release|Any CPU.ActiveCfg = Release|Any CPU
		{81914702-48F3-46B9-AD4A-DDBCE3DBAD7A}.Release|Any CPU.Build.0 = Release|Any CPU
	EndGlobalSection
	GlobalSection(SolutionProperties) = preSolution
		HideSolutionNode = FALSE
	EndGlobalSection
	GlobalSection(ExtensibilityGlobals) = postSolution
		SolutionGuid = {F435D83B-C254-4808-AA56-576BBC886634}
	EndGlobalSection
EndGlobal
